{
  "name": "hms-sdk-impl",
  "version": "1.0.0",
  "lockfileVersion": 3,
  "requires": true,
  "packages": {
    "": {
      "name": "hms-sdk-impl",
      "version": "1.0.0",
      "license": "ISC",
      "dependencies": {
        "hms-core-sdk": "github:ShivamTiwariCodes/hms-core-sdk"
      }
    },
    "node_modules/hms-core-sdk": {
      "version": "1.0.0",
      "resolved": "git+ssh://git@github.com/ShivamTiwariCodes/hms-core-sdk.git#77a7739d179c93908399825071865a44b64e9b63",
      "license": "ISC"
    }
  }
}
